{
	"name": "hnbd_wepm",
	"version": "1.0.1",
	"lockfileVersion": 1,
	"requires": true,
	"dependencies": {
		"@types/cesium": {
			"version": "1.67.10",
			"resolved": "https://registry.npmjs.org/@types/cesium/-/cesium-1.67.10.tgz",
			"integrity": "sha512-TjOtWiiEhqq8SocLCxYUSemQezfUw2RoRhr2XtbGGWiJ1Y6eMnxM7lbKfMHJsrPgTXc7tiuUhewVTAeG0q0+1A=="
		}
	}
}
